
Microsoft Visual Studio Solution File, Format Version 12.00
# Visual Studio 15
VisualStudioVersion = 15.0.28307.329
MinimumVisualStudioVersion = 10.0.40219.1
Project("{FAE04EC0-301F-11D3-BF4B-00C04F79EFBC}") = "Snake", "Snake\Snake.csproj", "{AB7DE753-3F5A-4BE2-945B-F792DCAC3F74}"
EndProject
Global
	GlobalSection(SolutionConfigurationPlatforms) = preSolution
		Debug|Any CPU = Debug|Any CPU
		Release|Any CPU = Release|Any CPU
	EndGlobalSection
	GlobalSection(ProjectConfigurationPlatforms) = postSolution
		{AB7DE753-3F5A-4BE2-945B-F792DCAC3F74}.Debug|Any CPU.ActiveCfg = Debug|Any CPU
		{AB7DE753-3F5A-4BE2-945B-F792DCAC3F74}.Debug|Any CPU.Build.0 = Debug|Any CPU
		{AB7DE753-3F5A-4BE2-945B-F792DCAC3F74}.Release|Any CPU.ActiveCfg = Release|Any CPU
		{AB7DE753-3F5A-4BE2-945B-F792DCAC3F74}.Release|Any CPU.Build.0 = Release|Any CPU
	EndGlobalSection
	GlobalSection(SolutionProperties) = preSolution
		HideSolutionNode = FALSE
	EndGlobalSection
	GlobalSection(ExtensibilityGlobals) = postSolution
		SolutionGuid = {EBAB7714-2F8D-49CE-8F1B-BB98D869F788}
	EndGlobalSection
EndGlobal
