
Microsoft Visual Studio Solution File, Format Version 12.00
# Visual Studio 15
VisualStudioVersion = 15.0.28307.329
MinimumVisualStudioVersion = 10.0.40219.1
Project("{FAE04EC0-301F-11D3-BF4B-00C04F79EFBC}") = "Snake", "Snake\Snake.csproj", "{8A2F6ECC-93FC-4321-9625-E53555981F48}"
EndProject
Project("{FAE04EC0-301F-11D3-BF4B-00C04F79EFBC}") = "SnakeR", "SnakeR\SnakeR.csproj", "{7537EC3C-9FCC-4629-9295-5D91044AF860}"
EndProject
Global
	GlobalSection(SolutionConfigurationPlatforms) = preSolution
		Debug|Any CPU = Debug|Any CPU
		Release|Any CPU = Release|Any CPU
	EndGlobalSection
	GlobalSection(ProjectConfigurationPlatforms) = postSolution
		{8A2F6ECC-93FC-4321-9625-E53555981F48}.Debug|Any CPU.ActiveCfg = Debug|Any CPU
		{8A2F6ECC-93FC-4321-9625-E53555981F48}.Debug|Any CPU.Build.0 = Debug|Any CPU
		{8A2F6ECC-93FC-4321-9625-E53555981F48}.Release|Any CPU.ActiveCfg = Release|Any CPU
		{8A2F6ECC-93FC-4321-9625-E53555981F48}.Release|Any CPU.Build.0 = Release|Any CPU
		{7537EC3C-9FCC-4629-9295-5D91044AF860}.Debug|Any CPU.ActiveCfg = Debug|Any CPU
		{7537EC3C-9FCC-4629-9295-5D91044AF860}.Debug|Any CPU.Build.0 = Debug|Any CPU
		{7537EC3C-9FCC-4629-9295-5D91044AF860}.Release|Any CPU.ActiveCfg = Release|Any CPU
		{7537EC3C-9FCC-4629-9295-5D91044AF860}.Release|Any CPU.Build.0 = Release|Any CPU
	EndGlobalSection
	GlobalSection(SolutionProperties) = preSolution
		HideSolutionNode = FALSE
	EndGlobalSection
	GlobalSection(ExtensibilityGlobals) = postSolution
		SolutionGuid = {0EC0E4B6-9688-46BF-BDEF-8F771C54E272}
	EndGlobalSection
EndGlobal
